
Microsoft Visual Studio Solution File, Format Version 12.00
# Visual Studio 2012
Project("{F2A71F9B-5D33-465A-A702-920D77279786}") = "FSharpNemlogIn", "FSharpNemlogIn\FSharpNemlogIn\FSharpNemlogIn.fsproj", "{67B41CA2-C657-4B9B-B797-061E9E7C3F03}"
EndProject
Project("{F2A71F9B-5D33-465A-A702-920D77279786}") = "FStarWrapper", "FSharpNemlogIn\FStarWrapper\FStarWrapper.fsproj", "{B403D6BF-74B2-4AB4-8E1E-A7FC530A640C}"
EndProject
Project("{FAE04EC0-301F-11D3-BF4B-00C04F79EFBC}") = "LoginServerWeb", "FSharpNemlogIn\LoginServer\LoginServerWeb\LoginServerWeb.csproj", "{290F38F2-3546-4E67-84AC-930354C3D856}"
EndProject
Project("{F2A71F9B-5D33-465A-A702-920D77279786}") = "LoginServerWebApp", "FSharpNemlogIn\LoginServer\LoginServerWebApp\LoginServerWebApp.fsproj", "{A126575F-C66E-42BF-A70F-655D4C3F0069}"
EndProject
Project("{F2A71F9B-5D33-465A-A702-920D77279786}") = "LoginServerWebAppTests", "FSharpNemlogIn\LoginServer\LoginServerWebAppTests\LoginServerWebAppTests.fsproj", "{25102AF8-150F-4BA6-B519-E3FD5A70FC2C}"
EndProject
Project("{F2A71F9B-5D33-465A-A702-920D77279786}") = "Network", "FSharpNemlogIn\Netw\Network.fsproj", "{97623325-D541-453D-84D8-FDC27FA5EA7D}"
EndProject
Project("{F2A71F9B-5D33-465A-A702-920D77279786}") = "Saml", "Saml\Saml.fsproj", "{6A9A0D0B-A25B-4CF6-8816-C78F12900D0A}"
EndProject
Global
	GlobalSection(SolutionConfigurationPlatforms) = preSolution
		Debug|Any CPU = Debug|Any CPU
		Release|Any CPU = Release|Any CPU
	EndGlobalSection
	GlobalSection(ProjectConfigurationPlatforms) = postSolution
		{67B41CA2-C657-4B9B-B797-061E9E7C3F03}.Debug|Any CPU.ActiveCfg = Debug|Any CPU
		{67B41CA2-C657-4B9B-B797-061E9E7C3F03}.Debug|Any CPU.Build.0 = Debug|Any CPU
		{67B41CA2-C657-4B9B-B797-061E9E7C3F03}.Release|Any CPU.ActiveCfg = Release|Any CPU
		{67B41CA2-C657-4B9B-B797-061E9E7C3F03}.Release|Any CPU.Build.0 = Release|Any CPU
		{B403D6BF-74B2-4AB4-8E1E-A7FC530A640C}.Debug|Any CPU.ActiveCfg = Debug|Any CPU
		{B403D6BF-74B2-4AB4-8E1E-A7FC530A640C}.Debug|Any CPU.Build.0 = Debug|Any CPU
		{B403D6BF-74B2-4AB4-8E1E-A7FC530A640C}.Release|Any CPU.ActiveCfg = Release|Any CPU
		{B403D6BF-74B2-4AB4-8E1E-A7FC530A640C}.Release|Any CPU.Build.0 = Release|Any CPU
		{290F38F2-3546-4E67-84AC-930354C3D856}.Debug|Any CPU.ActiveCfg = Debug|Any CPU
		{290F38F2-3546-4E67-84AC-930354C3D856}.Debug|Any CPU.Build.0 = Debug|Any CPU
		{290F38F2-3546-4E67-84AC-930354C3D856}.Release|Any CPU.ActiveCfg = Release|Any CPU
		{290F38F2-3546-4E67-84AC-930354C3D856}.Release|Any CPU.Build.0 = Release|Any CPU
		{A126575F-C66E-42BF-A70F-655D4C3F0069}.Debug|Any CPU.ActiveCfg = Debug|Any CPU
		{A126575F-C66E-42BF-A70F-655D4C3F0069}.Debug|Any CPU.Build.0 = Debug|Any CPU
		{A126575F-C66E-42BF-A70F-655D4C3F0069}.Release|Any CPU.ActiveCfg = Release|Any CPU
		{A126575F-C66E-42BF-A70F-655D4C3F0069}.Release|Any CPU.Build.0 = Release|Any CPU
		{25102AF8-150F-4BA6-B519-E3FD5A70FC2C}.Debug|Any CPU.ActiveCfg = Debug|Any CPU
		{25102AF8-150F-4BA6-B519-E3FD5A70FC2C}.Debug|Any CPU.Build.0 = Debug|Any CPU
		{25102AF8-150F-4BA6-B519-E3FD5A70FC2C}.Release|Any CPU.ActiveCfg = Release|Any CPU
		{25102AF8-150F-4BA6-B519-E3FD5A70FC2C}.Release|Any CPU.Build.0 = Release|Any CPU
		{97623325-D541-453D-84D8-FDC27FA5EA7D}.Debug|Any CPU.ActiveCfg = Debug|Any CPU
		{97623325-D541-453D-84D8-FDC27FA5EA7D}.Debug|Any CPU.Build.0 = Debug|Any CPU
		{97623325-D541-453D-84D8-FDC27FA5EA7D}.Release|Any CPU.ActiveCfg = Release|Any CPU
		{97623325-D541-453D-84D8-FDC27FA5EA7D}.Release|Any CPU.Build.0 = Release|Any CPU
		{6A9A0D0B-A25B-4CF6-8816-C78F12900D0A}.Debug|Any CPU.ActiveCfg = Debug|Any CPU
		{6A9A0D0B-A25B-4CF6-8816-C78F12900D0A}.Debug|Any CPU.Build.0 = Debug|Any CPU
		{6A9A0D0B-A25B-4CF6-8816-C78F12900D0A}.Release|Any CPU.ActiveCfg = Release|Any CPU
		{6A9A0D0B-A25B-4CF6-8816-C78F12900D0A}.Release|Any CPU.Build.0 = Release|Any CPU
	EndGlobalSection
	GlobalSection(SolutionProperties) = preSolution
		HideSolutionNode = FALSE
	EndGlobalSection
EndGlobal
